
Microsoft Visual Studio Solution File, Format Version 12.00
# Visual Studio Version 16
VisualStudioVersion = 16.0.32228.343
MinimumVisualStudioVersion = 10.0.40219.1
Project("{FAE04EC0-301F-11D3-BF4B-00C04F79EFBC}") = "Zadanie_2_1", "Zadanie_2_1\Zadanie_2_1.csproj", "{97C27CBC-8425-4ACB-82F2-446F34DE61B8}"
EndProject
Global
	GlobalSection(SolutionConfigurationPlatforms) = preSolution
		Debug|Any CPU = Debug|Any CPU
		Release|Any CPU = Release|Any CPU
	EndGlobalSection
	GlobalSection(ProjectConfigurationPlatforms) = postSolution
		{97C27CBC-8425-4ACB-82F2-446F34DE61B8}.Debug|Any CPU.ActiveCfg = Debug|Any CPU
		{97C27CBC-8425-4ACB-82F2-446F34DE61B8}.Debug|Any CPU.Build.0 = Debug|Any CPU
		{97C27CBC-8425-4ACB-82F2-446F34DE61B8}.Release|Any CPU.ActiveCfg = Release|Any CPU
		{97C27CBC-8425-4ACB-82F2-446F34DE61B8}.Release|Any CPU.Build.0 = Release|Any CPU
	EndGlobalSection
	GlobalSection(SolutionProperties) = preSolution
		HideSolutionNode = FALSE
	EndGlobalSection
	GlobalSection(ExtensibilityGlobals) = postSolution
		SolutionGuid = {BCF6015B-B1B8-4345-AB7D-460D6751B155}
	EndGlobalSection
EndGlobal
